
Microsoft Visual Studio Solution File, Format Version 12.00
# Visual Studio 15
VisualStudioVersion = 15.0.28307.168
MinimumVisualStudioVersion = 10.0.40219.1
Project("{9A19103F-16F7-4668-BE54-9A1E7A4F7556}") = "ASP_NET_CORE", "ASP_NET_CORE\ASP_NET_CORE.csproj", "{17D48D4B-D45E-4DCE-B8C1-8798A2C47889}"
EndProject
Project("{FAE04EC0-301F-11D3-BF4B-00C04F79EFBC}") = "ASP_NET_CORE_MSTEST", "ASP_NET_CORE_MSTEST\ASP_NET_CORE_MSTEST.csproj", "{291CD6CC-942F-440E-BDFC-9F00E8174A3D}"
EndProject
Global
	GlobalSection(SolutionConfigurationPlatforms) = preSolution
		Debug|Any CPU = Debug|Any CPU
		Release|Any CPU = Release|Any CPU
	EndGlobalSection
	GlobalSection(ProjectConfigurationPlatforms) = postSolution
		{17D48D4B-D45E-4DCE-B8C1-8798A2C47889}.Debug|Any CPU.ActiveCfg = Debug|Any CPU
		{17D48D4B-D45E-4DCE-B8C1-8798A2C47889}.Debug|Any CPU.Build.0 = Debug|Any CPU
		{17D48D4B-D45E-4DCE-B8C1-8798A2C47889}.Release|Any CPU.ActiveCfg = Release|Any CPU
		{17D48D4B-D45E-4DCE-B8C1-8798A2C47889}.Release|Any CPU.Build.0 = Release|Any CPU
		{291CD6CC-942F-440E-BDFC-9F00E8174A3D}.Debug|Any CPU.ActiveCfg = Debug|Any CPU
		{291CD6CC-942F-440E-BDFC-9F00E8174A3D}.Debug|Any CPU.Build.0 = Debug|Any CPU
		{291CD6CC-942F-440E-BDFC-9F00E8174A3D}.Release|Any CPU.ActiveCfg = Release|Any CPU
		{291CD6CC-942F-440E-BDFC-9F00E8174A3D}.Release|Any CPU.Build.0 = Release|Any CPU
	EndGlobalSection
	GlobalSection(SolutionProperties) = preSolution
		HideSolutionNode = FALSE
	EndGlobalSection
	GlobalSection(ExtensibilityGlobals) = postSolution
		SolutionGuid = {D85B0EF5-61B9-4230-9C3C-91F9270E3E3C}
	EndGlobalSection
EndGlobal
